# This file is automatically @generated by Cargo.
# It is not intended for manual editing.
version = 4

[[package]]
name = "dissonia"
version = "0.1.0"
dependencies = [
 "dissonia-codec-pcm",
 "dissonia-common",
 "dissonia-core",
 "dissonia-format-riff",
]

[[package]]
name = "dissonia-codec-pcm"
version = "0.1.0"
dependencies = [
 "dissonia-core",
]

[[package]]
name = "dissonia-common"
version = "0.1.0"

[[package]]
name = "dissonia-core"
version = "0.1.0"

[[package]]
name = "dissonia-format-riff"
version = "0.1.0"
dependencies = [
 "dissonia-common",
 "dissonia-core",
]
